
Microsoft Visual Studio Solution File, Format Version 11.00
# Visual Studio 2010
Project("{FAE04EC0-301F-11D3-BF4B-00C04F79EFBC}") = "pr 2", "pr 2\pr 2.csproj", "{AD0D86FF-47B2-4463-967A-4638B5C6B180}"
EndProject
Global
	GlobalSection(SolutionConfigurationPlatforms) = preSolution
		Debug|x86 = Debug|x86
		Release|x86 = Release|x86
	EndGlobalSection
	GlobalSection(ProjectConfigurationPlatforms) = postSolution
		{AD0D86FF-47B2-4463-967A-4638B5C6B180}.Debug|x86.ActiveCfg = Debug|x86
		{AD0D86FF-47B2-4463-967A-4638B5C6B180}.Debug|x86.Build.0 = Debug|x86
		{AD0D86FF-47B2-4463-967A-4638B5C6B180}.Release|x86.ActiveCfg = Release|x86
		{AD0D86FF-47B2-4463-967A-4638B5C6B180}.Release|x86.Build.0 = Release|x86
	EndGlobalSection
	GlobalSection(SolutionProperties) = preSolution
		HideSolutionNode = FALSE
	EndGlobalSection
EndGlobal
